
Microsoft Visual Studio Solution File, Format Version 12.00
# Visual Studio Version 16
VisualStudioVersion = 16.0.29215.179
MinimumVisualStudioVersion = 10.0.40219.1
Project("{FAE04EC0-301F-11D3-BF4B-00C04F79EFBC}") = "page162Drill", "page162Drill\page162Drill.csproj", "{E07DB356-A286-4534-BF5E-24D1F52B0B8F}"
EndProject
Global
	GlobalSection(SolutionConfigurationPlatforms) = preSolution
		Debug|Any CPU = Debug|Any CPU
		Release|Any CPU = Release|Any CPU
	EndGlobalSection
	GlobalSection(ProjectConfigurationPlatforms) = postSolution
		{E07DB356-A286-4534-BF5E-24D1F52B0B8F}.Debug|Any CPU.ActiveCfg = Debug|Any CPU
		{E07DB356-A286-4534-BF5E-24D1F52B0B8F}.Debug|Any CPU.Build.0 = Debug|Any CPU
		{E07DB356-A286-4534-BF5E-24D1F52B0B8F}.Release|Any CPU.ActiveCfg = Release|Any CPU
		{E07DB356-A286-4534-BF5E-24D1F52B0B8F}.Release|Any CPU.Build.0 = Release|Any CPU
	EndGlobalSection
	GlobalSection(SolutionProperties) = preSolution
		HideSolutionNode = FALSE
	EndGlobalSection
	GlobalSection(ExtensibilityGlobals) = postSolution
		SolutionGuid = {7129FDDD-FF6D-41CC-9D3D-B731BD1AF792}
	EndGlobalSection
EndGlobal
