
Microsoft Visual Studio Solution File, Format Version 12.00
# Visual Studio Version 16
VisualStudioVersion = 16.0.29215.179
MinimumVisualStudioVersion = 10.0.40219.1
Project("{FAE04EC0-301F-11D3-BF4B-00C04F79EFBC}") = "blackJack", "blackJack\blackJack.csproj", "{B1A5E577-880F-4243-AD8D-4D09ED4488D1}"
EndProject
Global
	GlobalSection(SolutionConfigurationPlatforms) = preSolution
		Debug|Any CPU = Debug|Any CPU
		Release|Any CPU = Release|Any CPU
	EndGlobalSection
	GlobalSection(ProjectConfigurationPlatforms) = postSolution
		{B1A5E577-880F-4243-AD8D-4D09ED4488D1}.Debug|Any CPU.ActiveCfg = Debug|Any CPU
		{B1A5E577-880F-4243-AD8D-4D09ED4488D1}.Debug|Any CPU.Build.0 = Debug|Any CPU
		{B1A5E577-880F-4243-AD8D-4D09ED4488D1}.Release|Any CPU.ActiveCfg = Release|Any CPU
		{B1A5E577-880F-4243-AD8D-4D09ED4488D1}.Release|Any CPU.Build.0 = Release|Any CPU
	EndGlobalSection
	GlobalSection(SolutionProperties) = preSolution
		HideSolutionNode = FALSE
	EndGlobalSection
	GlobalSection(ExtensibilityGlobals) = postSolution
		SolutionGuid = {ED529861-5972-494C-A33F-D4D574BEDC65}
	EndGlobalSection
EndGlobal
