
Microsoft Visual Studio Solution File, Format Version 12.00
# Visual Studio Version 16
VisualStudioVersion = 16.0.29215.179
MinimumVisualStudioVersion = 10.0.40219.1
Project("{FAE04EC0-301F-11D3-BF4B-00C04F79EFBC}") = "page114Drill", "page114Drill\page114Drill.csproj", "{5AB2A8F3-2CBB-448B-861A-49F8BC0017A4}"
EndProject
Global
	GlobalSection(SolutionConfigurationPlatforms) = preSolution
		Debug|Any CPU = Debug|Any CPU
		Release|Any CPU = Release|Any CPU
	EndGlobalSection
	GlobalSection(ProjectConfigurationPlatforms) = postSolution
		{5AB2A8F3-2CBB-448B-861A-49F8BC0017A4}.Debug|Any CPU.ActiveCfg = Debug|Any CPU
		{5AB2A8F3-2CBB-448B-861A-49F8BC0017A4}.Debug|Any CPU.Build.0 = Debug|Any CPU
		{5AB2A8F3-2CBB-448B-861A-49F8BC0017A4}.Release|Any CPU.ActiveCfg = Release|Any CPU
		{5AB2A8F3-2CBB-448B-861A-49F8BC0017A4}.Release|Any CPU.Build.0 = Release|Any CPU
	EndGlobalSection
	GlobalSection(SolutionProperties) = preSolution
		HideSolutionNode = FALSE
	EndGlobalSection
	GlobalSection(ExtensibilityGlobals) = postSolution
		SolutionGuid = {837FEDFC-5A4D-404B-A1B7-157D207128E5}
	EndGlobalSection
EndGlobal
