
Microsoft Visual Studio Solution File, Format Version 12.00
# Visual Studio Version 16
VisualStudioVersion = 16.0.29215.179
MinimumVisualStudioVersion = 10.0.40219.1
Project("{FAE04EC0-301F-11D3-BF4B-00C04F79EFBC}") = "page113Drill", "page113Drill\page113Drill.csproj", "{A834DFF2-B6CB-474D-8BBA-51F05DD13C9E}"
EndProject
Global
	GlobalSection(SolutionConfigurationPlatforms) = preSolution
		Debug|Any CPU = Debug|Any CPU
		Release|Any CPU = Release|Any CPU
	EndGlobalSection
	GlobalSection(ProjectConfigurationPlatforms) = postSolution
		{A834DFF2-B6CB-474D-8BBA-51F05DD13C9E}.Debug|Any CPU.ActiveCfg = Debug|Any CPU
		{A834DFF2-B6CB-474D-8BBA-51F05DD13C9E}.Debug|Any CPU.Build.0 = Debug|Any CPU
		{A834DFF2-B6CB-474D-8BBA-51F05DD13C9E}.Release|Any CPU.ActiveCfg = Release|Any CPU
		{A834DFF2-B6CB-474D-8BBA-51F05DD13C9E}.Release|Any CPU.Build.0 = Release|Any CPU
	EndGlobalSection
	GlobalSection(SolutionProperties) = preSolution
		HideSolutionNode = FALSE
	EndGlobalSection
	GlobalSection(ExtensibilityGlobals) = postSolution
		SolutionGuid = {96F234F4-527C-4265-BF39-11728ACAEA11}
	EndGlobalSection
EndGlobal
