
Microsoft Visual Studio Solution File, Format Version 12.00
# Visual Studio Version 16
VisualStudioVersion = 16.0.29215.179
MinimumVisualStudioVersion = 10.0.40219.1
Project("{FAE04EC0-301F-11D3-BF4B-00C04F79EFBC}") = "page129Drill", "page129Drill\page129Drill.csproj", "{4307A893-F668-4586-B0ED-0E75B26802FE}"
EndProject
Global
	GlobalSection(SolutionConfigurationPlatforms) = preSolution
		Debug|Any CPU = Debug|Any CPU
		Release|Any CPU = Release|Any CPU
	EndGlobalSection
	GlobalSection(ProjectConfigurationPlatforms) = postSolution
		{4307A893-F668-4586-B0ED-0E75B26802FE}.Debug|Any CPU.ActiveCfg = Debug|Any CPU
		{4307A893-F668-4586-B0ED-0E75B26802FE}.Debug|Any CPU.Build.0 = Debug|Any CPU
		{4307A893-F668-4586-B0ED-0E75B26802FE}.Release|Any CPU.ActiveCfg = Release|Any CPU
		{4307A893-F668-4586-B0ED-0E75B26802FE}.Release|Any CPU.Build.0 = Release|Any CPU
	EndGlobalSection
	GlobalSection(SolutionProperties) = preSolution
		HideSolutionNode = FALSE
	EndGlobalSection
	GlobalSection(ExtensibilityGlobals) = postSolution
		SolutionGuid = {BC0863EE-E145-41C7-B0A5-387F0A8507A8}
	EndGlobalSection
EndGlobal
