
Microsoft Visual Studio Solution File, Format Version 12.00
# Visual Studio Version 16
VisualStudioVersion = 16.0.29215.179
MinimumVisualStudioVersion = 10.0.40219.1
Project("{FAE04EC0-301F-11D3-BF4B-00C04F79EFBC}") = "page137Drill", "page137Drill\page137Drill.csproj", "{40EA0F1F-4004-44DF-9D63-932989CEBC2A}"
EndProject
Global
	GlobalSection(SolutionConfigurationPlatforms) = preSolution
		Debug|Any CPU = Debug|Any CPU
		Release|Any CPU = Release|Any CPU
	EndGlobalSection
	GlobalSection(ProjectConfigurationPlatforms) = postSolution
		{40EA0F1F-4004-44DF-9D63-932989CEBC2A}.Debug|Any CPU.ActiveCfg = Debug|Any CPU
		{40EA0F1F-4004-44DF-9D63-932989CEBC2A}.Debug|Any CPU.Build.0 = Debug|Any CPU
		{40EA0F1F-4004-44DF-9D63-932989CEBC2A}.Release|Any CPU.ActiveCfg = Release|Any CPU
		{40EA0F1F-4004-44DF-9D63-932989CEBC2A}.Release|Any CPU.Build.0 = Release|Any CPU
	EndGlobalSection
	GlobalSection(SolutionProperties) = preSolution
		HideSolutionNode = FALSE
	EndGlobalSection
	GlobalSection(ExtensibilityGlobals) = postSolution
		SolutionGuid = {7A1B7968-C3D6-42A4-B10A-81A5B4D65131}
	EndGlobalSection
EndGlobal
