
Microsoft Visual Studio Solution File, Format Version 12.00
# Visual Studio Version 16
VisualStudioVersion = 16.0.29215.179
MinimumVisualStudioVersion = 10.0.40219.1
Project("{FAE04EC0-301F-11D3-BF4B-00C04F79EFBC}") = "TechAcadStudentsMVC", "TechAcadStudentsMVC\TechAcadStudentsMVC.csproj", "{B4C30BE7-A93E-47A7-876F-98E6D0B29EDA}"
EndProject
Global
	GlobalSection(SolutionConfigurationPlatforms) = preSolution
		Debug|Any CPU = Debug|Any CPU
		Release|Any CPU = Release|Any CPU
	EndGlobalSection
	GlobalSection(ProjectConfigurationPlatforms) = postSolution
		{B4C30BE7-A93E-47A7-876F-98E6D0B29EDA}.Debug|Any CPU.ActiveCfg = Debug|Any CPU
		{B4C30BE7-A93E-47A7-876F-98E6D0B29EDA}.Debug|Any CPU.Build.0 = Debug|Any CPU
		{B4C30BE7-A93E-47A7-876F-98E6D0B29EDA}.Release|Any CPU.ActiveCfg = Release|Any CPU
		{B4C30BE7-A93E-47A7-876F-98E6D0B29EDA}.Release|Any CPU.Build.0 = Release|Any CPU
	EndGlobalSection
	GlobalSection(SolutionProperties) = preSolution
		HideSolutionNode = FALSE
	EndGlobalSection
	GlobalSection(ExtensibilityGlobals) = postSolution
		SolutionGuid = {DFC13F12-D9C2-4325-A537-DB3B36AB0898}
	EndGlobalSection
EndGlobal
