
Microsoft Visual Studio Solution File, Format Version 12.00
# Visual Studio Version 16
VisualStudioVersion = 16.0.29215.179
MinimumVisualStudioVersion = 10.0.40219.1
Project("{FAE04EC0-301F-11D3-BF4B-00C04F79EFBC}") = "page140Drill", "page140Drill\page140Drill.csproj", "{0985EE61-3F08-4EA6-80D9-FA770D01C842}"
EndProject
Global
	GlobalSection(SolutionConfigurationPlatforms) = preSolution
		Debug|Any CPU = Debug|Any CPU
		Release|Any CPU = Release|Any CPU
	EndGlobalSection
	GlobalSection(ProjectConfigurationPlatforms) = postSolution
		{0985EE61-3F08-4EA6-80D9-FA770D01C842}.Debug|Any CPU.ActiveCfg = Debug|Any CPU
		{0985EE61-3F08-4EA6-80D9-FA770D01C842}.Debug|Any CPU.Build.0 = Debug|Any CPU
		{0985EE61-3F08-4EA6-80D9-FA770D01C842}.Release|Any CPU.ActiveCfg = Release|Any CPU
		{0985EE61-3F08-4EA6-80D9-FA770D01C842}.Release|Any CPU.Build.0 = Release|Any CPU
	EndGlobalSection
	GlobalSection(SolutionProperties) = preSolution
		HideSolutionNode = FALSE
	EndGlobalSection
	GlobalSection(ExtensibilityGlobals) = postSolution
		SolutionGuid = {34149D26-F0AB-4BC9-A421-C4E57DBB957F}
	EndGlobalSection
EndGlobal
