
Microsoft Visual Studio Solution File, Format Version 12.00
# Visual Studio Version 16
VisualStudioVersion = 16.0.29215.179
MinimumVisualStudioVersion = 10.0.40219.1
Project("{FAE04EC0-301F-11D3-BF4B-00C04F79EFBC}") = "Page34Exercise", "Page34Exercise\Page34Exercise.csproj", "{C682513B-D794-4107-88B0-D544DBCA200D}"
EndProject
Global
	GlobalSection(SolutionConfigurationPlatforms) = preSolution
		Debug|Any CPU = Debug|Any CPU
		Release|Any CPU = Release|Any CPU
	EndGlobalSection
	GlobalSection(ProjectConfigurationPlatforms) = postSolution
		{C682513B-D794-4107-88B0-D544DBCA200D}.Debug|Any CPU.ActiveCfg = Debug|Any CPU
		{C682513B-D794-4107-88B0-D544DBCA200D}.Debug|Any CPU.Build.0 = Debug|Any CPU
		{C682513B-D794-4107-88B0-D544DBCA200D}.Release|Any CPU.ActiveCfg = Release|Any CPU
		{C682513B-D794-4107-88B0-D544DBCA200D}.Release|Any CPU.Build.0 = Release|Any CPU
	EndGlobalSection
	GlobalSection(SolutionProperties) = preSolution
		HideSolutionNode = FALSE
	EndGlobalSection
	GlobalSection(ExtensibilityGlobals) = postSolution
		SolutionGuid = {D0DE91FC-8C77-412F-BF9D-CDD9C1174164}
	EndGlobalSection
EndGlobal
